
Microsoft Visual Studio Solution File, Format Version 12.00
# Visual Studio Version 17
VisualStudioVersion = 17.8.34408.163
MinimumVisualStudioVersion = 10.0.40219.1
Project("{9A19103F-16F7-4668-BE54-9A1E7A4F7556}") = "ShopWebApp", "ShopWebApp\ShopWebApp.csproj", "{0E4D05A5-AA54-430A-B190-78F29336C873}"
EndProject
Project("{2150E333-8FDC-42A3-9474-1A3956D46DE8}") = "ShopManagement", "ShopManagement", "{0C4BF3D3-AE6B-4815-9EBD-7C230B064002}"
EndProject
Project("{2150E333-8FDC-42A3-9474-1A3956D46DE8}") = "SM.Application", "SM.Application", "{616BDF62-9F31-4017-9B93-0885E40A9180}"
EndProject
Project("{2150E333-8FDC-42A3-9474-1A3956D46DE8}") = "SM.Domain", "SM.Domain", "{9624DC2E-C59D-4B21-B199-2CED9AB320F2}"
EndProject
Project("{2150E333-8FDC-42A3-9474-1A3956D46DE8}") = "SM.Infrastructure", "SM.Infrastructure", "{F4E25C7E-EDCF-4EA6-8D07-32859694DC74}"
EndProject
Project("{9A19103F-16F7-4668-BE54-9A1E7A4F7556}") = "0_Framwork", "0_Framwork\0_Framwork.csproj", "{AE1803EA-8D1E-4FB5-9A9B-0CF0C6A28214}"
EndProject
Project("{9A19103F-16F7-4668-BE54-9A1E7A4F7556}") = "ShopManagement.Domain", "ShopManagmentDomain\ShopManagement.Domain.csproj", "{F668CA2D-830A-49CC-A51A-A8B83982F412}"
EndProject
Project("{9A19103F-16F7-4668-BE54-9A1E7A4F7556}") = "ShopManagement.Application.Contracts", "ShopManagment.Application.Contracts\ShopManagement.Application.Contracts.csproj", "{7765323D-FFFF-486C-A934-F5F62DFF489D}"
EndProject
Project("{9A19103F-16F7-4668-BE54-9A1E7A4F7556}") = "ShopManagement.Application", "ShopManagement.Application\ShopManagement.Application.csproj", "{B4E985D4-782F-4F41-980B-09354127A201}"
EndProject
Project("{9A19103F-16F7-4668-BE54-9A1E7A4F7556}") = "ShopManagement.Infrastructure.EFCore", "ShopManagement.Infrastructure.EFCore\ShopManagement.Infrastructure.EFCore.csproj", "{FD7B8D56-B3A0-40AA-B1BB-C73D6192B189}"
EndProject
Project("{9A19103F-16F7-4668-BE54-9A1E7A4F7556}") = "ShopManagement.Configuration", "ShopManagement.Configuration\ShopManagement.Configuration.csproj", "{B9031FCE-B63C-49F6-92B5-9B3E0C24841E}"
EndProject
Project("{2150E333-8FDC-42A3-9474-1A3956D46DE8}") = "DiscountManagement", "DiscountManagement", "{74CE3034-F4E0-4AE6-A8DF-86F9B26D0315}"
EndProject
Project("{2150E333-8FDC-42A3-9474-1A3956D46DE8}") = "DM.Application", "DM.Application", "{FE20D3B7-41CE-45D3-B609-70E004DC51F3}"
EndProject
Project("{2150E333-8FDC-42A3-9474-1A3956D46DE8}") = "DM.Domain", "DM.Domain", "{05C0ACAF-0ECF-4433-99A7-85FC8A6B7AFC}"
EndProject
Project("{2150E333-8FDC-42A3-9474-1A3956D46DE8}") = "DM.Infrastructure", "DM.Infrastructure", "{4D0609A9-C998-4922-8A02-680568C35F09}"
EndProject
Project("{9A19103F-16F7-4668-BE54-9A1E7A4F7556}") = "01_ShopQuery", "01_ShopQuery\01_ShopQuery.csproj", "{175846D0-DA3D-4A4C-8AC9-C81A1CDAE537}"
EndProject
Project("{9A19103F-16F7-4668-BE54-9A1E7A4F7556}") = "DiscountManagement.Application", "DiscountManagement.Application\DiscountManagement.Application.csproj", "{3523B0DD-7B4B-4260-8A5F-C6E1DA339BD5}"
EndProject
Project("{9A19103F-16F7-4668-BE54-9A1E7A4F7556}") = "DiscountManagement.Application.Contract", "DiscountManagement.Application.Contract\DiscountManagement.Application.Contract.csproj", "{4E476348-03B1-4CD8-92A4-045E4B177EC9}"
EndProject
Project("{9A19103F-16F7-4668-BE54-9A1E7A4F7556}") = "DiscountManagement.Domain", "DiscountManagement.Domain\DiscountManagement.Domain.csproj", "{03F0F116-5EDB-4714-8F7E-DE2BDF4ADFCC}"
EndProject
Project("{9A19103F-16F7-4668-BE54-9A1E7A4F7556}") = "DiscountManagement.Infrastructure.EFCore", "DiscountManagement.Infrastructure.EFCore\DiscountManagement.Infrastructure.EFCore.csproj", "{8602C532-E0AD-4D33-BBD2-78BF7F73CBB8}"
EndProject
Project("{9A19103F-16F7-4668-BE54-9A1E7A4F7556}") = "DiscountManagement.Configuration", "DiscountManagement.Configuration\DiscountManagement.Configuration.csproj", "{8ABE2B44-84D0-4AC2-9EA7-8D6C157E8AF4}"
EndProject
Project("{2150E333-8FDC-42A3-9474-1A3956D46DE8}") = "InventoryManagement", "InventoryManagement", "{9E393033-F25D-4C41-BB42-FE46FC20D7AD}"
EndProject
Project("{2150E333-8FDC-42A3-9474-1A3956D46DE8}") = "IM.Domain", "IM.Domain", "{3544E0F4-DA51-441E-A917-62698EF57CD4}"
EndProject
Project("{2150E333-8FDC-42A3-9474-1A3956D46DE8}") = "IM.Application", "IM.Application", "{4A9549B6-C1FD-4561-BE67-155365977FC6}"
EndProject
Project("{9A19103F-16F7-4668-BE54-9A1E7A4F7556}") = "InventoryManagement.Domain", "InventoryManagement.Domain\InventoryManagement.Domain.csproj", "{66C5A910-7AFA-4ACD-A8BA-6BB2E0501D87}"
EndProject
Project("{9A19103F-16F7-4668-BE54-9A1E7A4F7556}") = "InventoryManagement.Application.Contract", "InventoryManagement.Application.Contract\InventoryManagement.Application.Contract.csproj", "{A42C9B33-FE74-493C-B143-DAE17FD3E48F}"
EndProject
Project("{2150E333-8FDC-42A3-9474-1A3956D46DE8}") = "IM.Infrastructure", "IM.Infrastructure", "{11532729-E5D4-43F6-976B-14203EA821CB}"
EndProject
Project("{9A19103F-16F7-4668-BE54-9A1E7A4F7556}") = "InventoryManagement.Infrastructure.EFCore", "InventoryManagement.Infrastructure.EFCore\InventoryManagement.Infrastructure.EFCore.csproj", "{BBBE2762-0421-4333-99D8-A28D46A0BEB8}"
EndProject
Project("{9A19103F-16F7-4668-BE54-9A1E7A4F7556}") = "InventoryManagement.Infrastructure.Configuration", "InventoryManagement.Infrastructure.Configuration\InventoryManagement.Infrastructure.Configuration.csproj", "{73A28E24-76C0-4720-9D68-763005B27640}"
EndProject
Project("{9A19103F-16F7-4668-BE54-9A1E7A4F7556}") = "InventoryManagement.Application", "InventoryManagement.Application\InventoryManagement.Application.csproj", "{8899090B-C9E0-45F4-AB98-20420C0C3FD8}"
EndProject
Project("{2150E333-8FDC-42A3-9474-1A3956D46DE8}") = "BlogManagement", "BlogManagement", "{8ABF383A-A5F9-457A-948E-82B9C3422E41}"
EndProject
Project("{2150E333-8FDC-42A3-9474-1A3956D46DE8}") = "BM.Domain", "BM.Domain", "{A6FAC809-E99D-4BF7-8CAD-E6DAAC1E6E67}"
EndProject
Project("{9A19103F-16F7-4668-BE54-9A1E7A4F7556}") = "BlogManagement.Domain", "BlogManagement.Domain\BlogManagement.Domain.csproj", "{13384347-5753-406E-A9C6-E174987163B3}"
EndProject
Project("{2150E333-8FDC-42A3-9474-1A3956D46DE8}") = "BM.Application", "BM.Application", "{382198A6-81EA-4590-8912-4BD001C0B1F5}"
EndProject
Project("{9A19103F-16F7-4668-BE54-9A1E7A4F7556}") = "BlogManagement.Application.Contracts", "BlogManagement.Application.Contracts\BlogManagement.Application.Contracts.csproj", "{6D51806E-8E89-44F4-9DD4-DF7CF4AF30DA}"
EndProject
Project("{9A19103F-16F7-4668-BE54-9A1E7A4F7556}") = "BlogManagement.Application", "BlogManagement.Application\BlogManagement.Application.csproj", "{466D277B-D46E-4C8A-A09F-5AE6F4A6E6D9}"
EndProject
Project("{2150E333-8FDC-42A3-9474-1A3956D46DE8}") = "BM.Infrastructure", "BM.Infrastructure", "{E27F3593-5CAE-4DBA-B361-0236FF853BCA}"
EndProject
Project("{9A19103F-16F7-4668-BE54-9A1E7A4F7556}") = "BlogManagement.Infrastructure.EFCore", "BlogManagement.Infrastructure.EFCore\BlogManagement.Infrastructure.EFCore.csproj", "{6D621077-6A29-44AF-8A6C-FD9037374AFE}"
EndProject
Project("{9A19103F-16F7-4668-BE54-9A1E7A4F7556}") = "BlogManagement.Infrastructure.Configuration", "BlogManagement.Infrastructure.Configuration\BlogManagement.Infrastructure.Configuration.csproj", "{5B7D988C-5527-45BE-B5BD-6D269104CD86}"
EndProject
Global
	GlobalSection(SolutionConfigurationPlatforms) = preSolution
		Debug|Any CPU = Debug|Any CPU
		Release|Any CPU = Release|Any CPU
	EndGlobalSection
	GlobalSection(ProjectConfigurationPlatforms) = postSolution
		{0E4D05A5-AA54-430A-B190-78F29336C873}.Debug|Any CPU.ActiveCfg = Debug|Any CPU
		{0E4D05A5-AA54-430A-B190-78F29336C873}.Debug|Any CPU.Build.0 = Debug|Any CPU
		{0E4D05A5-AA54-430A-B190-78F29336C873}.Release|Any CPU.ActiveCfg = Release|Any CPU
		{0E4D05A5-AA54-430A-B190-78F29336C873}.Release|Any CPU.Build.0 = Release|Any CPU
		{AE1803EA-8D1E-4FB5-9A9B-0CF0C6A28214}.Debug|Any CPU.ActiveCfg = Debug|Any CPU
		{AE1803EA-8D1E-4FB5-9A9B-0CF0C6A28214}.Debug|Any CPU.Build.0 = Debug|Any CPU
		{AE1803EA-8D1E-4FB5-9A9B-0CF0C6A28214}.Release|Any CPU.ActiveCfg = Release|Any CPU
		{AE1803EA-8D1E-4FB5-9A9B-0CF0C6A28214}.Release|Any CPU.Build.0 = Release|Any CPU
		{F668CA2D-830A-49CC-A51A-A8B83982F412}.Debug|Any CPU.ActiveCfg = Debug|Any CPU
		{F668CA2D-830A-49CC-A51A-A8B83982F412}.Debug|Any CPU.Build.0 = Debug|Any CPU
		{F668CA2D-830A-49CC-A51A-A8B83982F412}.Release|Any CPU.ActiveCfg = Release|Any CPU
		{F668CA2D-830A-49CC-A51A-A8B83982F412}.Release|Any CPU.Build.0 = Release|Any CPU
		{7765323D-FFFF-486C-A934-F5F62DFF489D}.Debug|Any CPU.ActiveCfg = Debug|Any CPU
		{7765323D-FFFF-486C-A934-F5F62DFF489D}.Debug|Any CPU.Build.0 = Debug|Any CPU
		{7765323D-FFFF-486C-A934-F5F62DFF489D}.Release|Any CPU.ActiveCfg = Release|Any CPU
		{7765323D-FFFF-486C-A934-F5F62DFF489D}.Release|Any CPU.Build.0 = Release|Any CPU
		{B4E985D4-782F-4F41-980B-09354127A201}.Debug|Any CPU.ActiveCfg = Debug|Any CPU
		{B4E985D4-782F-4F41-980B-09354127A201}.Debug|Any CPU.Build.0 = Debug|Any CPU
		{B4E985D4-782F-4F41-980B-09354127A201}.Release|Any CPU.ActiveCfg = Release|Any CPU
		{B4E985D4-782F-4F41-980B-09354127A201}.Release|Any CPU.Build.0 = Release|Any CPU
		{FD7B8D56-B3A0-40AA-B1BB-C73D6192B189}.Debug|Any CPU.ActiveCfg = Debug|Any CPU
		{FD7B8D56-B3A0-40AA-B1BB-C73D6192B189}.Debug|Any CPU.Build.0 = Debug|Any CPU
		{FD7B8D56-B3A0-40AA-B1BB-C73D6192B189}.Release|Any CPU.ActiveCfg = Release|Any CPU
		{FD7B8D56-B3A0-40AA-B1BB-C73D6192B189}.Release|Any CPU.Build.0 = Release|Any CPU
		{B9031FCE-B63C-49F6-92B5-9B3E0C24841E}.Debug|Any CPU.ActiveCfg = Debug|Any CPU
		{B9031FCE-B63C-49F6-92B5-9B3E0C24841E}.Debug|Any CPU.Build.0 = Debug|Any CPU
		{B9031FCE-B63C-49F6-92B5-9B3E0C24841E}.Release|Any CPU.ActiveCfg = Release|Any CPU
		{B9031FCE-B63C-49F6-92B5-9B3E0C24841E}.Release|Any CPU.Build.0 = Release|Any CPU
		{175846D0-DA3D-4A4C-8AC9-C81A1CDAE537}.Debug|Any CPU.ActiveCfg = Debug|Any CPU
		{175846D0-DA3D-4A4C-8AC9-C81A1CDAE537}.Debug|Any CPU.Build.0 = Debug|Any CPU
		{175846D0-DA3D-4A4C-8AC9-C81A1CDAE537}.Release|Any CPU.ActiveCfg = Release|Any CPU
		{175846D0-DA3D-4A4C-8AC9-C81A1CDAE537}.Release|Any CPU.Build.0 = Release|Any CPU
		{3523B0DD-7B4B-4260-8A5F-C6E1DA339BD5}.Debug|Any CPU.ActiveCfg = Debug|Any CPU
		{3523B0DD-7B4B-4260-8A5F-C6E1DA339BD5}.Debug|Any CPU.Build.0 = Debug|Any CPU
		{3523B0DD-7B4B-4260-8A5F-C6E1DA339BD5}.Release|Any CPU.ActiveCfg = Release|Any CPU
		{3523B0DD-7B4B-4260-8A5F-C6E1DA339BD5}.Release|Any CPU.Build.0 = Release|Any CPU
		{4E476348-03B1-4CD8-92A4-045E4B177EC9}.Debug|Any CPU.ActiveCfg = Debug|Any CPU
		{4E476348-03B1-4CD8-92A4-045E4B177EC9}.Debug|Any CPU.Build.0 = Debug|Any CPU
		{4E476348-03B1-4CD8-92A4-045E4B177EC9}.Release|Any CPU.ActiveCfg = Release|Any CPU
		{4E476348-03B1-4CD8-92A4-045E4B177EC9}.Release|Any CPU.Build.0 = Release|Any CPU
		{03F0F116-5EDB-4714-8F7E-DE2BDF4ADFCC}.Debug|Any CPU.ActiveCfg = Debug|Any CPU
		{03F0F116-5EDB-4714-8F7E-DE2BDF4ADFCC}.Debug|Any CPU.Build.0 = Debug|Any CPU
		{03F0F116-5EDB-4714-8F7E-DE2BDF4ADFCC}.Release|Any CPU.ActiveCfg = Release|Any CPU
		{03F0F116-5EDB-4714-8F7E-DE2BDF4ADFCC}.Release|Any CPU.Build.0 = Release|Any CPU
		{8602C532-E0AD-4D33-BBD2-78BF7F73CBB8}.Debug|Any CPU.ActiveCfg = Debug|Any CPU
		{8602C532-E0AD-4D33-BBD2-78BF7F73CBB8}.Debug|Any CPU.Build.0 = Debug|Any CPU
		{8602C532-E0AD-4D33-BBD2-78BF7F73CBB8}.Release|Any CPU.ActiveCfg = Release|Any CPU
		{8602C532-E0AD-4D33-BBD2-78BF7F73CBB8}.Release|Any CPU.Build.0 = Release|Any CPU
		{8ABE2B44-84D0-4AC2-9EA7-8D6C157E8AF4}.Debug|Any CPU.ActiveCfg = Debug|Any CPU
		{8ABE2B44-84D0-4AC2-9EA7-8D6C157E8AF4}.Debug|Any CPU.Build.0 = Debug|Any CPU
		{8ABE2B44-84D0-4AC2-9EA7-8D6C157E8AF4}.Release|Any CPU.ActiveCfg = Release|Any CPU
		{8ABE2B44-84D0-4AC2-9EA7-8D6C157E8AF4}.Release|Any CPU.Build.0 = Release|Any CPU
		{66C5A910-7AFA-4ACD-A8BA-6BB2E0501D87}.Debug|Any CPU.ActiveCfg = Debug|Any CPU
		{66C5A910-7AFA-4ACD-A8BA-6BB2E0501D87}.Debug|Any CPU.Build.0 = Debug|Any CPU
		{66C5A910-7AFA-4ACD-A8BA-6BB2E0501D87}.Release|Any CPU.ActiveCfg = Release|Any CPU
		{66C5A910-7AFA-4ACD-A8BA-6BB2E0501D87}.Release|Any CPU.Build.0 = Release|Any CPU
		{A42C9B33-FE74-493C-B143-DAE17FD3E48F}.Debug|Any CPU.ActiveCfg = Debug|Any CPU
		{A42C9B33-FE74-493C-B143-DAE17FD3E48F}.Debug|Any CPU.Build.0 = Debug|Any CPU
		{A42C9B33-FE74-493C-B143-DAE17FD3E48F}.Release|Any CPU.ActiveCfg = Release|Any CPU
		{A42C9B33-FE74-493C-B143-DAE17FD3E48F}.Release|Any CPU.Build.0 = Release|Any CPU
		{BBBE2762-0421-4333-99D8-A28D46A0BEB8}.Debug|Any CPU.ActiveCfg = Debug|Any CPU
		{BBBE2762-0421-4333-99D8-A28D46A0BEB8}.Debug|Any CPU.Build.0 = Debug|Any CPU
		{BBBE2762-0421-4333-99D8-A28D46A0BEB8}.Release|Any CPU.ActiveCfg = Release|Any CPU
		{BBBE2762-0421-4333-99D8-A28D46A0BEB8}.Release|Any CPU.Build.0 = Release|Any CPU
		{73A28E24-76C0-4720-9D68-763005B27640}.Debug|Any CPU.ActiveCfg = Debug|Any CPU
		{73A28E24-76C0-4720-9D68-763005B27640}.Debug|Any CPU.Build.0 = Debug|Any CPU
		{73A28E24-76C0-4720-9D68-763005B27640}.Release|Any CPU.ActiveCfg = Release|Any CPU
		{73A28E24-76C0-4720-9D68-763005B27640}.Release|Any CPU.Build.0 = Release|Any CPU
		{8899090B-C9E0-45F4-AB98-20420C0C3FD8}.Debug|Any CPU.ActiveCfg = Debug|Any CPU
		{8899090B-C9E0-45F4-AB98-20420C0C3FD8}.Debug|Any CPU.Build.0 = Debug|Any CPU
		{8899090B-C9E0-45F4-AB98-20420C0C3FD8}.Release|Any CPU.ActiveCfg = Release|Any CPU
		{8899090B-C9E0-45F4-AB98-20420C0C3FD8}.Release|Any CPU.Build.0 = Release|Any CPU
		{13384347-5753-406E-A9C6-E174987163B3}.Debug|Any CPU.ActiveCfg = Debug|Any CPU
		{13384347-5753-406E-A9C6-E174987163B3}.Debug|Any CPU.Build.0 = Debug|Any CPU
		{13384347-5753-406E-A9C6-E174987163B3}.Release|Any CPU.ActiveCfg = Release|Any CPU
		{13384347-5753-406E-A9C6-E174987163B3}.Release|Any CPU.Build.0 = Release|Any CPU
		{6D51806E-8E89-44F4-9DD4-DF7CF4AF30DA}.Debug|Any CPU.ActiveCfg = Debug|Any CPU
		{6D51806E-8E89-44F4-9DD4-DF7CF4AF30DA}.Debug|Any CPU.Build.0 = Debug|Any CPU
		{6D51806E-8E89-44F4-9DD4-DF7CF4AF30DA}.Release|Any CPU.ActiveCfg = Release|Any CPU
		{6D51806E-8E89-44F4-9DD4-DF7CF4AF30DA}.Release|Any CPU.Build.0 = Release|Any CPU
		{466D277B-D46E-4C8A-A09F-5AE6F4A6E6D9}.Debug|Any CPU.ActiveCfg = Debug|Any CPU
		{466D277B-D46E-4C8A-A09F-5AE6F4A6E6D9}.Debug|Any CPU.Build.0 = Debug|Any CPU
		{466D277B-D46E-4C8A-A09F-5AE6F4A6E6D9}.Release|Any CPU.ActiveCfg = Release|Any CPU
		{466D277B-D46E-4C8A-A09F-5AE6F4A6E6D9}.Release|Any CPU.Build.0 = Release|Any CPU
		{6D621077-6A29-44AF-8A6C-FD9037374AFE}.Debug|Any CPU.ActiveCfg = Debug|Any CPU
		{6D621077-6A29-44AF-8A6C-FD9037374AFE}.Debug|Any CPU.Build.0 = Debug|Any CPU
		{6D621077-6A29-44AF-8A6C-FD9037374AFE}.Release|Any CPU.ActiveCfg = Release|Any CPU
		{6D621077-6A29-44AF-8A6C-FD9037374AFE}.Release|Any CPU.Build.0 = Release|Any CPU
		{5B7D988C-5527-45BE-B5BD-6D269104CD86}.Debug|Any CPU.ActiveCfg = Debug|Any CPU
		{5B7D988C-5527-45BE-B5BD-6D269104CD86}.Debug|Any CPU.Build.0 = Debug|Any CPU
		{5B7D988C-5527-45BE-B5BD-6D269104CD86}.Release|Any CPU.ActiveCfg = Release|Any CPU
		{5B7D988C-5527-45BE-B5BD-6D269104CD86}.Release|Any CPU.Build.0 = Release|Any CPU
	EndGlobalSection
	GlobalSection(SolutionProperties) = preSolution
		HideSolutionNode = FALSE
	EndGlobalSection
	GlobalSection(NestedProjects) = preSolution
		{616BDF62-9F31-4017-9B93-0885E40A9180} = {0C4BF3D3-AE6B-4815-9EBD-7C230B064002}
		{9624DC2E-C59D-4B21-B199-2CED9AB320F2} = {0C4BF3D3-AE6B-4815-9EBD-7C230B064002}
		{F4E25C7E-EDCF-4EA6-8D07-32859694DC74} = {0C4BF3D3-AE6B-4815-9EBD-7C230B064002}
		{F668CA2D-830A-49CC-A51A-A8B83982F412} = {9624DC2E-C59D-4B21-B199-2CED9AB320F2}
		{7765323D-FFFF-486C-A934-F5F62DFF489D} = {616BDF62-9F31-4017-9B93-0885E40A9180}
		{B4E985D4-782F-4F41-980B-09354127A201} = {616BDF62-9F31-4017-9B93-0885E40A9180}
		{FD7B8D56-B3A0-40AA-B1BB-C73D6192B189} = {F4E25C7E-EDCF-4EA6-8D07-32859694DC74}
		{B9031FCE-B63C-49F6-92B5-9B3E0C24841E} = {F4E25C7E-EDCF-4EA6-8D07-32859694DC74}
		{FE20D3B7-41CE-45D3-B609-70E004DC51F3} = {74CE3034-F4E0-4AE6-A8DF-86F9B26D0315}
		{05C0ACAF-0ECF-4433-99A7-85FC8A6B7AFC} = {74CE3034-F4E0-4AE6-A8DF-86F9B26D0315}
		{4D0609A9-C998-4922-8A02-680568C35F09} = {74CE3034-F4E0-4AE6-A8DF-86F9B26D0315}
		{3523B0DD-7B4B-4260-8A5F-C6E1DA339BD5} = {FE20D3B7-41CE-45D3-B609-70E004DC51F3}
		{4E476348-03B1-4CD8-92A4-045E4B177EC9} = {FE20D3B7-41CE-45D3-B609-70E004DC51F3}
		{03F0F116-5EDB-4714-8F7E-DE2BDF4ADFCC} = {05C0ACAF-0ECF-4433-99A7-85FC8A6B7AFC}
		{8602C532-E0AD-4D33-BBD2-78BF7F73CBB8} = {4D0609A9-C998-4922-8A02-680568C35F09}
		{8ABE2B44-84D0-4AC2-9EA7-8D6C157E8AF4} = {4D0609A9-C998-4922-8A02-680568C35F09}
		{3544E0F4-DA51-441E-A917-62698EF57CD4} = {9E393033-F25D-4C41-BB42-FE46FC20D7AD}
		{4A9549B6-C1FD-4561-BE67-155365977FC6} = {9E393033-F25D-4C41-BB42-FE46FC20D7AD}
		{66C5A910-7AFA-4ACD-A8BA-6BB2E0501D87} = {3544E0F4-DA51-441E-A917-62698EF57CD4}
		{A42C9B33-FE74-493C-B143-DAE17FD3E48F} = {4A9549B6-C1FD-4561-BE67-155365977FC6}
		{11532729-E5D4-43F6-976B-14203EA821CB} = {9E393033-F25D-4C41-BB42-FE46FC20D7AD}
		{BBBE2762-0421-4333-99D8-A28D46A0BEB8} = {11532729-E5D4-43F6-976B-14203EA821CB}
		{73A28E24-76C0-4720-9D68-763005B27640} = {11532729-E5D4-43F6-976B-14203EA821CB}
		{8899090B-C9E0-45F4-AB98-20420C0C3FD8} = {4A9549B6-C1FD-4561-BE67-155365977FC6}
		{A6FAC809-E99D-4BF7-8CAD-E6DAAC1E6E67} = {8ABF383A-A5F9-457A-948E-82B9C3422E41}
		{13384347-5753-406E-A9C6-E174987163B3} = {A6FAC809-E99D-4BF7-8CAD-E6DAAC1E6E67}
		{382198A6-81EA-4590-8912-4BD001C0B1F5} = {8ABF383A-A5F9-457A-948E-82B9C3422E41}
		{6D51806E-8E89-44F4-9DD4-DF7CF4AF30DA} = {382198A6-81EA-4590-8912-4BD001C0B1F5}
		{466D277B-D46E-4C8A-A09F-5AE6F4A6E6D9} = {382198A6-81EA-4590-8912-4BD001C0B1F5}
		{E27F3593-5CAE-4DBA-B361-0236FF853BCA} = {8ABF383A-A5F9-457A-948E-82B9C3422E41}
		{6D621077-6A29-44AF-8A6C-FD9037374AFE} = {E27F3593-5CAE-4DBA-B361-0236FF853BCA}
		{5B7D988C-5527-45BE-B5BD-6D269104CD86} = {E27F3593-5CAE-4DBA-B361-0236FF853BCA}
	EndGlobalSection
	GlobalSection(ExtensibilityGlobals) = postSolution
		SolutionGuid = {8D6B2071-66CB-4FC4-A940-790FC69F60F3}
	EndGlobalSection
EndGlobal
